Microsoft Visual Studio Solution File, Format Version 11.00
# Visual C++ Express 2010
Project("{8BC9CEB8-8B4A-11D0-8D11-00A0C91BC942}") = "DeleteGOST34.10-2001", "Delete_GOST34.10-2001\Delete_GOST34.10-2001.MSVC.12.0.vcxproj", "{60606BF7-158F-41DD-8A94-46B2103A0B2B}"
EndProject
Project("{8BC9CEB8-8B4A-11D0-8D11-00A0C91BC942}") = "SignVerify_PINPad", "SignVerify_PINpad\SignVerify_PINPad.MSVC.12.0.vcxproj", "{68E62B28-9D6D-4D9B-B02E-F69FC97EFC97}"
EndProject
Project("{8BC9CEB8-8B4A-11D0-8D11-00A0C91BC942}") = "CreateGOST34.10-2001_PINPad", "Create_GOST34.10-2001_PINPad\Create_GOST34.10-2001_PINPad.MSVC.12.0.vcxproj", "{40AE1B7C-9195-4002-AF04-0D361323169F}"
EndProject
Global
	GlobalSection(SolutionConfigurationPlatforms) = preSolution
		Debug|Win32 = Debug|Win32
		Debug|x64 = Debug|x64
		Release|Win32 = Release|Win32
		Release|x64 = Release|x64
	EndGlobalSection
	GlobalSection(ProjectConfigurationPlatforms) = postSolution
		{60606BF7-158F-41DD-8A94-46B2103A0B2B}.Debug|Win32.ActiveCfg = Debug|Win32
		{60606BF7-158F-41DD-8A94-46B2103A0B2B}.Debug|Win32.Build.0 = Debug|Win32
		{60606BF7-158F-41DD-8A94-46B2103A0B2B}.Debug|x64.ActiveCfg = Debug|x64
		{60606BF7-158F-41DD-8A94-46B2103A0B2B}.Debug|x64.Build.0 = Debug|x64
		{60606BF7-158F-41DD-8A94-46B2103A0B2B}.Release|Win32.ActiveCfg = Release|Win32
		{60606BF7-158F-41DD-8A94-46B2103A0B2B}.Release|Win32.Build.0 = Release|Win32
		{60606BF7-158F-41DD-8A94-46B2103A0B2B}.Release|x64.ActiveCfg = Release|x64
		{60606BF7-158F-41DD-8A94-46B2103A0B2B}.Release|x64.Build.0 = Release|x64
		{68E62B28-9D6D-4D9B-B02E-F69FC97EFC97}.Debug|Win32.ActiveCfg = Debug|Win32
		{68E62B28-9D6D-4D9B-B02E-F69FC97EFC97}.Debug|Win32.Build.0 = Debug|Win32
		{68E62B28-9D6D-4D9B-B02E-F69FC97EFC97}.Debug|x64.ActiveCfg = Debug|x64
		{68E62B28-9D6D-4D9B-B02E-F69FC97EFC97}.Debug|x64.Build.0 = Debug|x64
		{68E62B28-9D6D-4D9B-B02E-F69FC97EFC97}.Release|Win32.ActiveCfg = Release|Win32
		{68E62B28-9D6D-4D9B-B02E-F69FC97EFC97}.Release|Win32.Build.0 = Release|Win32
		{68E62B28-9D6D-4D9B-B02E-F69FC97EFC97}.Release|x64.ActiveCfg = Release|x64
		{68E62B28-9D6D-4D9B-B02E-F69FC97EFC97}.Release|x64.Build.0 = Release|x64
		{40AE1B7C-9195-4002-AF04-0D361323169F}.Debug|Win32.ActiveCfg = Debug|Win32
		{40AE1B7C-9195-4002-AF04-0D361323169F}.Debug|Win32.Build.0 = Debug|Win32
		{40AE1B7C-9195-4002-AF04-0D361323169F}.Debug|x64.ActiveCfg = Debug|x64
		{40AE1B7C-9195-4002-AF04-0D361323169F}.Debug|x64.Build.0 = Debug|x64
		{40AE1B7C-9195-4002-AF04-0D361323169F}.Release|Win32.ActiveCfg = Release|Win32
		{40AE1B7C-9195-4002-AF04-0D361323169F}.Release|Win32.Build.0 = Release|Win32
		{40AE1B7C-9195-4002-AF04-0D361323169F}.Release|x64.ActiveCfg = Release|x64
		{40AE1B7C-9195-4002-AF04-0D361323169F}.Release|x64.Build.0 = Release|x64
	EndGlobalSection
	GlobalSection(SolutionProperties) = preSolution
		HideSolutionNode = FALSE
	EndGlobalSection
EndGlobal
